<?xml version="1.0" encoding="utf-8"?>
<Project ToolsVersion="4.0" xmlns="http://schemas.microsoft.com/developer/msbuild/2003">
  <ItemGroup>
    <Filter Include="源文件">
      <UniqueIdentifier>{4FC737F1-C7A5-4376-A066-2A32D752A2FF}</UniqueIdentifier>
      <Extensions>cpp;c;cc;cxx;def;odl;idl;hpj;bat;asm;asmx</Extensions>
    </Filter>
    <Filter Include="头文件">
      <UniqueIdentifier>{93995380-89BD-4b04-88EB-625FBE52EBFB}</UniqueIdentifier>
      <Extensions>h;hh;hpp;hxx;hm;inl;inc;ipp;xsd</Extensions>
    </Filter>
    <Filter Include="资源文件">
      <UniqueIdentifier>{67DA6AB6-F800-4c08-8B7A-83BB121AAD01}</UniqueIdentifier>
      <Extensions>rc;ico;cur;bmp;dlg;rc2;rct;bin;rgs;gif;jpg;jpeg;jpe;resx;tiff;tif;png;wav;mfcribbon-ms</Extensions>
    </Filter>
    <Filter Include="头文件\Depth">
      <UniqueIdentifier>{61d7f5e2-0367-4d92-8c47-017f0f801fbc}</UniqueIdentifier>
    </Filter>
    <Filter Include="源文件\Depth">
      <UniqueIdentifier>{9dd751c0-82b3-4348-951f-e42fe4403754}</UniqueIdentifier>
    </Filter>
    <Filter Include="源文件\FileHandle">
      <UniqueIdentifier>{0a2e60c1-7f53-4bae-ae43-843e0f60467f}</UniqueIdentifier>
    </Filter>
    <Filter Include="头文件\FileHandle">
      <UniqueIdentifier>{210e23f8-208f-4bd9-9ff5-362afd072317}</UniqueIdentifier>
    </Filter>
  </ItemGroup>
  <ItemGroup>
    <ClInclude Include="pch.h">
      <Filter>头文件</Filter>
    </ClInclude>
    <ClInclude Include="AixAlignBoundingBox.h">
      <Filter>头文件</Filter>
    </ClInclude>
    <ClInclude Include="display.h">
      <Filter>头文件</Filter>
    </ClInclude>
    <ClInclude Include="PathTracer.h">
      <Filter>头文件</Filter>
    </ClInclude>
    <ClInclude Include="Scene.h">
      <Filter>头文件</Filter>
    </ClInclude>
    <ClInclude Include="Vector3f.h">
      <Filter>头文件</Filter>
    </ClInclude>
    <ClInclude Include="common.h">
      <Filter>头文件</Filter>
    </ClInclude>
    <ClInclude Include="DepthTracer.h">
      <Filter>头文件</Filter>
    </ClInclude>
    <ClInclude Include="Depth2Mesh.h">
      <Filter>头文件\Depth</Filter>
    </ClInclude>
    <ClInclude Include="ObjFileHandle.h">
      <Filter>头文件\FileHandle</Filter>
    </ClInclude>
  </ItemGroup>
  <ItemGroup>
    <ClCompile Include="pch.cpp">
      <Filter>源文件</Filter>
    </ClCompile>
    <ClCompile Include="KdTree.cpp">
      <Filter>源文件</Filter>
    </ClCompile>
    <ClCompile Include="PathTracer.cpp">
      <Filter>源文件</Filter>
    </ClCompile>
    <ClCompile Include="AixAlignBoundingBox.cpp">
      <Filter>源文件</Filter>
    </ClCompile>
    <ClCompile Include="ray.cpp">
      <Filter>源文件</Filter>
    </ClCompile>
    <ClCompile Include="Scene.cpp">
      <Filter>源文件</Filter>
    </ClCompile>
    <ClCompile Include="common.cpp">
      <Filter>源文件</Filter>
    </ClCompile>
    <ClCompile Include="main.cpp">
      <Filter>源文件</Filter>
    </ClCompile>
    <ClCompile Include="DepthTracer.cpp">
      <Filter>源文件</Filter>
    </ClCompile>
    <ClCompile Include="Depth2Mesh.cpp">
      <Filter>源文件\Depth</Filter>
    </ClCompile>
    <ClCompile Include="ObjFileHandle.cpp">
      <Filter>源文件\FileHandle</Filter>
    </ClCompile>
  </ItemGroup>
  <ItemGroup>
    <None Include="ClassDiagram.cd" />
  </ItemGroup>
</Project>